lockfileVersion: '9.0'

settings:
  autoInstallPeers: true
  excludeLinksFromLockfile: false

importers:

  .:
    devDependencies:
      '@napi-rs/cli':
        specifier: ^2.18.4
        version: 2.18.4
    optionalDependencies:
      '@flovyn/native-darwin-arm64':
        specifier: workspace:*
        version: link:npm/darwin-arm64
      '@flovyn/native-darwin-x64':
        specifier: workspace:*
        version: link:npm/darwin-x64
      '@flovyn/native-linux-arm64-gnu':
        specifier: workspace:*
        version: link:npm/linux-arm64-gnu
      '@flovyn/native-linux-arm64-musl':
        specifier: workspace:*
        version: link:npm/linux-arm64-musl
      '@flovyn/native-linux-x64-gnu':
        specifier: workspace:*
        version: link:npm/linux-x64-gnu
      '@flovyn/native-linux-x64-musl':
        specifier: workspace:*
        version: link:npm/linux-x64-musl
      '@flovyn/native-win32-x64-msvc':
        specifier: workspace:*
        version: link:npm/win32-x64-msvc

  npm/darwin-arm64: {}

  npm/darwin-x64: {}

  npm/linux-arm64-gnu: {}

  npm/linux-arm64-musl: {}

  npm/linux-x64-gnu: {}

  npm/linux-x64-musl: {}

  npm/win32-x64-msvc: {}

packages:

  '@napi-rs/cli@2.18.4':
    resolution: {integrity: sha512-SgJeA4df9DE2iAEpr3M2H0OKl/yjtg1BnRI5/JyowS71tUWhrfSu2LT0V3vlHET+g1hBVlrO60PmEXwUEKp8Mg==}
    engines: {node: '>= 10'}
    hasBin: true

snapshots:

  '@napi-rs/cli@2.18.4': {}
